<?xml version="1.0" encoding="utf-8"?>
<Project ToolsVersion="4.0" xmlns="http://schemas.microsoft.com/developer/msbuild/2003">
  <ItemGroup>
    <Filter Include="Source Files">
      <UniqueIdentifier>{4FC737F1-C7A5-4376-A066-2A32D752A2FF}</UniqueIdentifier>
      <Extensions>cpp;c;cc;cxx;def;odl;idl;hpj;bat;asm;asmx</Extensions>
    </Filter>
    <Filter Include="Source Files\DXUT">
      <UniqueIdentifier>{d942595b-badb-49aa-bb2a-4a0d0c7801b1}</UniqueIdentifier>
    </Filter>
    <Filter Include="Source Files\Effects">
      <UniqueIdentifier>{189df54b-736c-43a3-9957-504e95f4650f}</UniqueIdentifier>
    </Filter>
    <Filter Include="Source Files\Core">
      <UniqueIdentifier>{3b5bd0de-a973-4bb2-a3ee-1b37705f2940}</UniqueIdentifier>
    </Filter>
    <Filter Include="Source Files\TinyXml">
      <UniqueIdentifier>{3132d40d-7ea6-4f7f-b199-bdf098329e04}</UniqueIdentifier>
    </Filter>
    <Filter Include="Source Files\Managers">
      <UniqueIdentifier>{2a0ed68f-e229-4f8d-ac1f-b22dc2374e8b}</UniqueIdentifier>
    </Filter>
    <Filter Include="Source Files\Test">
      <UniqueIdentifier>{e7fbf57c-92d0-4259-84fe-98607f8c5447}</UniqueIdentifier>
    </Filter>
    <Filter Include="Source Files\GameObjects">
      <UniqueIdentifier>{1782c2be-f284-4a11-b328-a2d776eb57a3}</UniqueIdentifier>
    </Filter>
    <Filter Include="Source Files\Data">
      <UniqueIdentifier>{be6cbbb1-15f0-4056-89a7-3588e9eba2be}</UniqueIdentifier>
    </Filter>
    <Filter Include="Source Files\UI">
      <UniqueIdentifier>{f2ad8af9-cde6-4f9f-91e4-25dea9edd4b5}</UniqueIdentifier>
    </Filter>
    <Filter Include="Header Files">
      <UniqueIdentifier>{93995380-89BD-4b04-88EB-625FBE52EBFB}</UniqueIdentifier>
      <Extensions>h;hpp;hxx;hm;inl;inc;xsd</Extensions>
    </Filter>
    <Filter Include="Header Files\DXUT">
      <UniqueIdentifier>{95c32bdc-64f9-4921-9a14-0afb241ec7e1}</UniqueIdentifier>
    </Filter>
    <Filter Include="Header Files\Effects">
      <UniqueIdentifier>{789f3f3f-67c6-4ede-9c96-ab302ca9032e}</UniqueIdentifier>
    </Filter>
    <Filter Include="Header Files\Core">
      <UniqueIdentifier>{22e3f214-70c9-4549-999f-bcf9a7098b90}</UniqueIdentifier>
    </Filter>
    <Filter Include="Header Files\TinyXml">
      <UniqueIdentifier>{c811e2d9-26e0-4600-9ad1-9cccbbcf1f43}</UniqueIdentifier>
    </Filter>
    <Filter Include="Header Files\Managers">
      <UniqueIdentifier>{a22116f6-6e8c-41cf-8634-64676939887d}</UniqueIdentifier>
    </Filter>
    <Filter Include="Header Files\Utilities">
      <UniqueIdentifier>{6713e92a-737a-4f8d-8065-71a6969a11b9}</UniqueIdentifier>
    </Filter>
    <Filter Include="Header Files\Data">
      <UniqueIdentifier>{5d98dfe8-005a-403f-80db-234e17dcad5e}</UniqueIdentifier>
    </Filter>
    <Filter Include="Header Files\Test">
      <UniqueIdentifier>{6e19ef41-ed4b-4ea1-85d4-dbc55718fa5d}</UniqueIdentifier>
    </Filter>
    <Filter Include="Header Files\GameObjects">
      <UniqueIdentifier>{a6cabfd8-a56a-4e45-8f61-fe128b30ffac}</UniqueIdentifier>
    </Filter>
    <Filter Include="Header Files\UI">
      <UniqueIdentifier>{dd4feb7d-41a5-49c7-9579-623ef4b42c05}</UniqueIdentifier>
    </Filter>
    <Filter Include="Resource Files">
      <UniqueIdentifier>{67DA6AB6-F800-4c08-8B7A-83BB121AAD01}</UniqueIdentifier>
      <Extensions>rc;ico;cur;bmp;dlg;rc2;rct;bin;rgs;gif;jpg;jpeg;jpe;resx;tiff;tif;png;wav</Extensions>
    </Filter>
    <Filter Include="ShaderFiles">
      <UniqueIdentifier>{9c281741-9f5c-4fe5-b176-64fac71fce9d}</UniqueIdentifier>
    </Filter>
    <Filter Include="Media">
      <UniqueIdentifier>{cb52b0ad-15fd-4b01-91b1-2200937e0e90}</UniqueIdentifier>
    </Filter>
    <Filter Include="XmlFiles">
      <UniqueIdentifier>{423ee814-768d-4612-abea-0787a7e6f325}</UniqueIdentifier>
    </Filter>
    <Filter Include="XmlFiles\UI">
      <UniqueIdentifier>{689c2209-b030-4291-9dac-74a473759f77}</UniqueIdentifier>
    </Filter>
  </ItemGroup>
  <ItemGroup>
    <ClCompile Include="AIState.cpp">
      <Filter>Source Files</Filter>
    </ClCompile>
    <ClCompile Include="AIStateFollow.cpp">
      <Filter>Source Files</Filter>
    </ClCompile>
    <ClCompile Include="Camera2D.cpp">
      <Filter>Source Files</Filter>
    </ClCompile>
    <ClCompile Include="Environment.cpp">
      <Filter>Source Files</Filter>
    </ClCompile>
    <ClCompile Include="Game.cpp">
      <Filter>Source Files</Filter>
    </ClCompile>
    <ClCompile Include="GamePad.cpp">
      <Filter>Source Files</Filter>
    </ClCompile>
    <ClCompile Include="Material.cpp">
      <Filter>Source Files</Filter>
    </ClCompile>
    <ClCompile Include="precompiled.cpp">
      <Filter>Source Files</Filter>
    </ClCompile>
    <ClCompile Include="program.cpp">
      <Filter>Source Files</Filter>
    </ClCompile>
    <ClCompile Include="ScreenAlignedTexture.cpp">
      <Filter>Source Files</Filter>
    </ClCompile>
    <ClCompile Include="DXUT\DXUT.cpp">
      <Filter>Source Files\DXUT</Filter>
    </ClCompile>
    <ClCompile Include="DXUT\DXUTenum.cpp">
      <Filter>Source Files\DXUT</Filter>
    </ClCompile>
    <ClCompile Include="DXUT\DXUTmisc.cpp">
      <Filter>Source Files\DXUT</Filter>
    </ClCompile>
    <ClCompile Include="DXUT\SDKmesh.cpp">
      <Filter>Source Files\DXUT</Filter>
    </ClCompile>
    <ClCompile Include="DXUT\SDKmisc.cpp">
      <Filter>Source Files\DXUT</Filter>
    </ClCompile>
    <ClCompile Include="EffectBasic.cpp">
      <Filter>Source Files\Effects</Filter>
    </ClCompile>
    <ClCompile Include="EffectBloodParticleSpray.cpp">
      <Filter>Source Files\Effects</Filter>
    </ClCompile>
    <ClCompile Include="EffectLightTexture.cpp">
      <Filter>Source Files\Effects</Filter>
    </ClCompile>
    <ClCompile Include="EffectLightTextureVertexWobble.cpp">
      <Filter>Source Files\Effects</Filter>
    </ClCompile>
    <ClCompile Include="EffectMonochrome.cpp">
      <Filter>Source Files\Effects</Filter>
    </ClCompile>
    <ClCompile Include="EffectMonochromeRed.cpp">
      <Filter>Source Files\Effects</Filter>
    </ClCompile>
    <ClCompile Include="EffectParticleSpray.cpp">
      <Filter>Source Files\Effects</Filter>
    </ClCompile>
    <ClCompile Include="EffectReflection.cpp">
      <Filter>Source Files\Effects</Filter>
    </ClCompile>
    <ClCompile Include="EffectSepia.cpp">
      <Filter>Source Files\Effects</Filter>
    </ClCompile>
    <ClCompile Include="DXWindow.cpp">
      <Filter>Source Files\Core</Filter>
    </ClCompile>
    <ClCompile Include="Graphics.cpp">
      <Filter>Source Files\Core</Filter>
    </ClCompile>
    <ClCompile Include="Timing.cpp">
      <Filter>Source Files\Core</Filter>
    </ClCompile>
    <ClCompile Include="tinyxml\tinystr.cpp">
      <Filter>Source Files\TinyXml</Filter>
    </ClCompile>
    <ClCompile Include="tinyxml\tinyxml.cpp">
      <Filter>Source Files\TinyXml</Filter>
    </ClCompile>
    <ClCompile Include="tinyxml\tinyxmlerror.cpp">
      <Filter>Source Files\TinyXml</Filter>
    </ClCompile>
    <ClCompile Include="tinyxml\tinyxmlparser.cpp">
      <Filter>Source Files\TinyXml</Filter>
    </ClCompile>
    <ClCompile Include="AudioManager.cpp">
      <Filter>Source Files\Managers</Filter>
    </ClCompile>
    <ClCompile Include="CollisionManager.cpp">
      <Filter>Source Files\Managers</Filter>
    </ClCompile>
    <ClCompile Include="EffectManager.cpp">
      <Filter>Source Files\Managers</Filter>
    </ClCompile>
    <ClCompile Include="GameObjectManager.cpp">
      <Filter>Source Files\Managers</Filter>
    </ClCompile>
    <ClCompile Include="MaterialManager.cpp">
      <Filter>Source Files\Managers</Filter>
    </ClCompile>
    <ClCompile Include="ParticleEmitterManager.cpp">
      <Filter>Source Files\Managers</Filter>
    </ClCompile>
    <ClCompile Include="TextureManager.cpp">
      <Filter>Source Files\Managers</Filter>
    </ClCompile>
    <ClCompile Include="BasicLight.cpp">
      <Filter>Source Files\Test</Filter>
    </ClCompile>
    <ClCompile Include="Cube.cpp">
      <Filter>Source Files\Test</Filter>
    </ClCompile>
    <ClCompile Include="Mesh.cpp">
      <Filter>Source Files\Test</Filter>
    </ClCompile>
    <ClCompile Include="Animation.cpp">
      <Filter>Source Files\GameObjects</Filter>
    </ClCompile>
    <ClCompile Include="AnimationPart.cpp">
      <Filter>Source Files\GameObjects</Filter>
    </ClCompile>
    <ClCompile Include="AnimationSequence.cpp">
      <Filter>Source Files\GameObjects</Filter>
    </ClCompile>
    <ClCompile Include="Character.cpp">
      <Filter>Source Files\GameObjects</Filter>
    </ClCompile>
    <ClCompile Include="DrawableObject.cpp">
      <Filter>Source Files\GameObjects</Filter>
    </ClCompile>
    <ClCompile Include="FallingPlatform.cpp">
      <Filter>Source Files\GameObjects</Filter>
    </ClCompile>
    <ClCompile Include="GameObject.cpp">
      <Filter>Source Files\GameObjects</Filter>
    </ClCompile>
    <ClCompile Include="MovingSprite.cpp">
      <Filter>Source Files\GameObjects</Filter>
    </ClCompile>
    <ClCompile Include="NPC.cpp">
      <Filter>Source Files\GameObjects</Filter>
    </ClCompile>
    <ClCompile Include="Orb.cpp">
      <Filter>Source Files\GameObjects</Filter>
    </ClCompile>
    <ClCompile Include="ParallaxLayer.cpp">
      <Filter>Source Files\GameObjects</Filter>
    </ClCompile>
    <ClCompile Include="ParticleSpray.cpp">
      <Filter>Source Files\GameObjects</Filter>
    </ClCompile>
    <ClCompile Include="PathingPlatform.cpp">
      <Filter>Source Files\GameObjects</Filter>
    </ClCompile>
    <ClCompile Include="Platform.cpp">
      <Filter>Source Files\GameObjects</Filter>
    </ClCompile>
    <ClCompile Include="Player.cpp">
      <Filter>Source Files\GameObjects</Filter>
    </ClCompile>
    <ClCompile Include="Projectile.cpp">
      <Filter>Source Files\GameObjects</Filter>
    </ClCompile>
    <ClCompile Include="SolidMovingSprite.cpp">
      <Filter>Source Files\GameObjects</Filter>
    </ClCompile>
    <ClCompile Include="Sprite.cpp">
      <Filter>Source Files\GameObjects</Filter>
    </ClCompile>
    <ClCompile Include="Vector2.cpp">
      <Filter>Source Files\Data</Filter>
    </ClCompile>
    <ClCompile Include="Vector3.cpp">
      <Filter>Source Files\Data</Filter>
    </ClCompile>
    <ClCompile Include="Vector4.cpp">
      <Filter>Source Files\Data</Filter>
    </ClCompile>
    <ClCompile Include="XmlDocument.cpp">
      <Filter>Source Files\Data</Filter>
    </ClCompile>
    <ClCompile Include="UIAnimatedSprite.cpp">
      <Filter>Source Files\UI</Filter>
    </ClCompile>
    <ClCompile Include="UIButton.cpp">
      <Filter>Source Files\UI</Filter>
    </ClCompile>
    <ClCompile Include="UICheckbox.cpp">
      <Filter>Source Files\UI</Filter>
    </ClCompile>
    <ClCompile Include="UIGameHudScreen.cpp">
      <Filter>Source Files\UI</Filter>
    </ClCompile>
    <ClCompile Include="UIManager.cpp">
      <Filter>Source Files\UI</Filter>
    </ClCompile>
    <ClCompile Include="UIMeter.cpp">
      <Filter>Source Files\UI</Filter>
    </ClCompile>
    <ClCompile Include="UIScreen.cpp">
      <Filter>Source Files\UI</Filter>
    </ClCompile>
    <ClCompile Include="UISprite.cpp">
      <Filter>Source Files\UI</Filter>
    </ClCompile>
    <ClCompile Include="UIWidget.cpp">
      <Filter>Source Files\UI</Filter>
    </ClCompile>
    <ClCompile Include="EffectLightTextureBump.cpp">
      <Filter>Source Files\Effects</Filter>
    </ClCompile>
    <ClCompile Include="LevelEditor.cpp">
      <Filter>Source Files</Filter>
    </ClCompile>
    <ClCompile Include="NinjaSpawner.cpp">
      <Filter>Source Files</Filter>
    </ClCompile>
    <ClCompile Include="NPCManager.cpp">
      <Filter>Source Files\Managers</Filter>
    </ClCompile>
    <ClCompile Include="Explosion.cpp">
      <Filter>Source Files</Filter>
    </ClCompile>
    <ClCompile Include="EffectNoise.cpp">
      <Filter>Source Files\Effects</Filter>
    </ClCompile>
    <ClCompile Include="WeatherManager.cpp">
      <Filter>Source Files\Managers</Filter>
    </ClCompile>
    <ClCompile Include="SimpleFontManager.cpp">
      <Filter>Source Files\Managers</Filter>
    </ClCompile>
    <ClCompile Include="BombProjectile.cpp">
      <Filter>Source Files\GameObjects</Filter>
    </ClCompile>
    <ClCompile Include="BlackHole.cpp">
      <Filter>Source Files\GameObjects</Filter>
    </ClCompile>
    <ClCompile Include="AudioObject.cpp">
      <Filter>Source Files\GameObjects</Filter>
    </ClCompile>
    <ClCompile Include="Rabbit.cpp">
      <Filter>Source Files\GameObjects</Filter>
    </ClCompile>
    <ClCompile Include="LevelTrigger.cpp">
      <Filter>Source Files\GameObjects</Filter>
    </ClCompile>
    <ClCompile Include="EffectLightTexturePixelWobble.cpp">
      <Filter>Source Files\Effects</Filter>
    </ClCompile>
    <ClCompile Include="WaterBlock.cpp">
      <Filter>Source Files\GameObjects</Filter>
    </ClCompile>
  </ItemGroup>
  <ItemGroup>
    <ClInclude Include="AIState.h">
      <Filter>Header Files</Filter>
    </ClInclude>
    <ClInclude Include="AIStateFollow.h">
      <Filter>Header Files</Filter>
    </ClInclude>
    <ClInclude Include="Camera2D.h">
      <Filter>Header Files</Filter>
    </ClInclude>
    <ClInclude Include="Environment.h">
      <Filter>Header Files</Filter>
    </ClInclude>
    <ClInclude Include="Game.h">
      <Filter>Header Files</Filter>
    </ClInclude>
    <ClInclude Include="GamePad.h">
      <Filter>Header Files</Filter>
    </ClInclude>
    <ClInclude Include="Material.h">
      <Filter>Header Files</Filter>
    </ClInclude>
    <ClInclude Include="Particle.h">
      <Filter>Header Files</Filter>
    </ClInclude>
    <ClInclude Include="precompiled.h">
      <Filter>Header Files</Filter>
    </ClInclude>
    <ClInclude Include="Resource.h">
      <Filter>Header Files</Filter>
    </ClInclude>
    <ClInclude Include="ScreenAlignedTexture.h">
      <Filter>Header Files</Filter>
    </ClInclude>
    <ClInclude Include="DXUT\DXUT.h">
      <Filter>Header Files\DXUT</Filter>
    </ClInclude>
    <ClInclude Include="DXUT\DXUTenum.h">
      <Filter>Header Files\DXUT</Filter>
    </ClInclude>
    <ClInclude Include="DXUT\DXUTmisc.h">
      <Filter>Header Files\DXUT</Filter>
    </ClInclude>
    <ClInclude Include="DXUT\SDKmesh.h">
      <Filter>Header Files\DXUT</Filter>
    </ClInclude>
    <ClInclude Include="DXUT\SDKmisc.h">
      <Filter>Header Files\DXUT</Filter>
    </ClInclude>
    <ClInclude Include="EffectAbstract.h">
      <Filter>Header Files\Effects</Filter>
    </ClInclude>
    <ClInclude Include="EffectBasic.h">
      <Filter>Header Files\Effects</Filter>
    </ClInclude>
    <ClInclude Include="EffectBloodParticleSpray.h">
      <Filter>Header Files\Effects</Filter>
    </ClInclude>
    <ClInclude Include="EffectLightTexture.h">
      <Filter>Header Files\Effects</Filter>
    </ClInclude>
    <ClInclude Include="EffectLightTextureVertexWobble.h">
      <Filter>Header Files\Effects</Filter>
    </ClInclude>
    <ClInclude Include="EffectMonochrome.h">
      <Filter>Header Files\Effects</Filter>
    </ClInclude>
    <ClInclude Include="EffectMonochromeRed.h">
      <Filter>Header Files\Effects</Filter>
    </ClInclude>
    <ClInclude Include="EffectParticleSpray.h">
      <Filter>Header Files\Effects</Filter>
    </ClInclude>
    <ClInclude Include="EffectReflection.h">
      <Filter>Header Files\Effects</Filter>
    </ClInclude>
    <ClInclude Include="EffectSepia.h">
      <Filter>Header Files\Effects</Filter>
    </ClInclude>
    <ClInclude Include="DXWindow.h">
      <Filter>Header Files\Core</Filter>
    </ClInclude>
    <ClInclude Include="Graphics.h">
      <Filter>Header Files\Core</Filter>
    </ClInclude>
    <ClInclude Include="Timing.h">
      <Filter>Header Files\Core</Filter>
    </ClInclude>
    <ClInclude Include="tinyxml\tinystr.h">
      <Filter>Header Files\TinyXml</Filter>
    </ClInclude>
    <ClInclude Include="tinyxml\tinyxml.h">
      <Filter>Header Files\TinyXml</Filter>
    </ClInclude>
    <ClInclude Include="AudioManager.h">
      <Filter>Header Files\Managers</Filter>
    </ClInclude>
    <ClInclude Include="CollisionManager.h">
      <Filter>Header Files\Managers</Filter>
    </ClInclude>
    <ClInclude Include="EffectManager.h">
      <Filter>Header Files\Managers</Filter>
    </ClInclude>
    <ClInclude Include="GameObjectManager.h">
      <Filter>Header Files\Managers</Filter>
    </ClInclude>
    <ClInclude Include="MaterialManager.h">
      <Filter>Header Files\Managers</Filter>
    </ClInclude>
    <ClInclude Include="ParticleEmitterManager.h">
      <Filter>Header Files\Managers</Filter>
    </ClInclude>
    <ClInclude Include="TextureManager.h">
      <Filter>Header Files\Managers</Filter>
    </ClInclude>
    <ClInclude Include="DrawUtilities.h">
      <Filter>Header Files\Utilities</Filter>
    </ClInclude>
    <ClInclude Include="Utilities.h">
      <Filter>Header Files\Utilities</Filter>
    </ClInclude>
    <ClInclude Include="XmlUtilities.h">
      <Filter>Header Files\Utilities</Filter>
    </ClInclude>
    <ClInclude Include="InputLayoutDescriptions.h">
      <Filter>Header Files\Data</Filter>
    </ClInclude>
    <ClInclude Include="Vector2.h">
      <Filter>Header Files\Data</Filter>
    </ClInclude>
    <ClInclude Include="Vector3.h">
      <Filter>Header Files\Data</Filter>
    </ClInclude>
    <ClInclude Include="Vector4.h">
      <Filter>Header Files\Data</Filter>
    </ClInclude>
    <ClInclude Include="VertexTypes.h">
      <Filter>Header Files\Data</Filter>
    </ClInclude>
    <ClInclude Include="XmlDocument.h">
      <Filter>Header Files\Data</Filter>
    </ClInclude>
    <ClInclude Include="BasicLight.h">
      <Filter>Header Files\Test</Filter>
    </ClInclude>
    <ClInclude Include="Cube.h">
      <Filter>Header Files\Test</Filter>
    </ClInclude>
    <ClInclude Include="Mesh.h">
      <Filter>Header Files\Test</Filter>
    </ClInclude>
    <ClInclude Include="Animation.h">
      <Filter>Header Files\GameObjects</Filter>
    </ClInclude>
    <ClInclude Include="AnimationPart.h">
      <Filter>Header Files\GameObjects</Filter>
    </ClInclude>
    <ClInclude Include="AnimationSequence.h">
      <Filter>Header Files\GameObjects</Filter>
    </ClInclude>
    <ClInclude Include="Character.h">
      <Filter>Header Files\GameObjects</Filter>
    </ClInclude>
    <ClInclude Include="DrawableObject.h">
      <Filter>Header Files\GameObjects</Filter>
    </ClInclude>
    <ClInclude Include="FallingPlatform.h">
      <Filter>Header Files\GameObjects</Filter>
    </ClInclude>
    <ClInclude Include="GameObject.h">
      <Filter>Header Files\GameObjects</Filter>
    </ClInclude>
    <ClInclude Include="MovingSprite.h">
      <Filter>Header Files\GameObjects</Filter>
    </ClInclude>
    <ClInclude Include="NPC.h">
      <Filter>Header Files\GameObjects</Filter>
    </ClInclude>
    <ClInclude Include="Orb.h">
      <Filter>Header Files\GameObjects</Filter>
    </ClInclude>
    <ClInclude Include="ParallaxLayer.h">
      <Filter>Header Files\GameObjects</Filter>
    </ClInclude>
    <ClInclude Include="ParticleSpray.h">
      <Filter>Header Files\GameObjects</Filter>
    </ClInclude>
    <ClInclude Include="PathingPlatform.h">
      <Filter>Header Files\GameObjects</Filter>
    </ClInclude>
    <ClInclude Include="Platform.h">
      <Filter>Header Files\GameObjects</Filter>
    </ClInclude>
    <ClInclude Include="Player.h">
      <Filter>Header Files\GameObjects</Filter>
    </ClInclude>
    <ClInclude Include="Projectile.h">
      <Filter>Header Files\GameObjects</Filter>
    </ClInclude>
    <ClInclude Include="SolidMovingSprite.h">
      <Filter>Header Files\GameObjects</Filter>
    </ClInclude>
    <ClInclude Include="Sprite.h">
      <Filter>Header Files\GameObjects</Filter>
    </ClInclude>
    <ClInclude Include="UIAnimatedSprite.h">
      <Filter>Header Files\UI</Filter>
    </ClInclude>
    <ClInclude Include="UIButton.h">
      <Filter>Header Files\UI</Filter>
    </ClInclude>
    <ClInclude Include="UICheckbox.h">
      <Filter>Header Files\UI</Filter>
    </ClInclude>
    <ClInclude Include="UIGameHudScreen.h">
      <Filter>Header Files\UI</Filter>
    </ClInclude>
    <ClInclude Include="UIManager.h">
      <Filter>Header Files\UI</Filter>
    </ClInclude>
    <ClInclude Include="UIMeter.h">
      <Filter>Header Files\UI</Filter>
    </ClInclude>
    <ClInclude Include="UIScreen.h">
      <Filter>Header Files\UI</Filter>
    </ClInclude>
    <ClInclude Include="UISprite.h">
      <Filter>Header Files\UI</Filter>
    </ClInclude>
    <ClInclude Include="UIWidget.h">
      <Filter>Header Files\UI</Filter>
    </ClInclude>
    <ClInclude Include="EffectLightTextureBump.h">
      <Filter>Header Files\Effects</Filter>
    </ClInclude>
    <ClInclude Include="LevelEditor.h">
      <Filter>Header Files</Filter>
    </ClInclude>
    <ClInclude Include="NPCSpawner.h">
      <Filter>Header Files</Filter>
    </ClInclude>
    <ClInclude Include="NinjaSpawner.h">
      <Filter>Header Files</Filter>
    </ClInclude>
    <ClInclude Include="NPCManager.h">
      <Filter>Header Files\Managers</Filter>
    </ClInclude>
    <ClInclude Include="Explosion.h">
      <Filter>Header Files</Filter>
    </ClInclude>
    <ClInclude Include="EffectNoise.h">
      <Filter>Header Files\Effects</Filter>
    </ClInclude>
    <ClInclude Include="SimpleFontManager.h">
      <Filter>Header Files\Managers</Filter>
    </ClInclude>
    <ClInclude Include="BombProjectile.h">
      <Filter>Header Files\GameObjects</Filter>
    </ClInclude>
    <ClInclude Include="BlackHole.h">
      <Filter>Header Files\GameObjects</Filter>
    </ClInclude>
    <ClInclude Include="AudioObject.h">
      <Filter>Header Files\GameObjects</Filter>
    </ClInclude>
    <ClInclude Include="WeatherManager.h">
      <Filter>Header Files\Managers</Filter>
    </ClInclude>
    <ClInclude Include="Rabbit.h">
      <Filter>Header Files\GameObjects</Filter>
    </ClInclude>
    <ClInclude Include="LevelTrigger.h">
      <Filter>Header Files\GameObjects</Filter>
    </ClInclude>
    <ClInclude Include="EffectLightTexturePixelWobble.h">
      <Filter>Header Files\Effects</Filter>
    </ClInclude>
    <ClInclude Include="WaterBlock.h">
      <Filter>Header Files\GameObjects</Filter>
    </ClInclude>
  </ItemGroup>
  <ItemGroup>
    <Xml Include="XmlFiles\demon1_animation.xml">
      <Filter>XmlFiles</Filter>
    </Xml>
    <Xml Include="XmlFiles\diamondstoneplatform.xml">
      <Filter>XmlFiles</Filter>
    </Xml>
    <Xml Include="XmlFiles\grassplatformsmall.xml">
      <Filter>XmlFiles</Filter>
    </Xml>
    <Xml Include="XmlFiles\level1.xml">
      <Filter>XmlFiles</Filter>
    </Xml>
    <Xml Include="XmlFiles\materials.xml">
      <Filter>XmlFiles</Filter>
    </Xml>
    <Xml Include="XmlFiles\ninjaAnimation.xml">
      <Filter>XmlFiles</Filter>
    </Xml>
    <Xml Include="XmlFiles\player_female_animation.xml">
      <Filter>XmlFiles</Filter>
    </Xml>
    <Xml Include="XmlFiles\snowLayerMiddleAnimation.xml">
      <Filter>XmlFiles</Filter>
    </Xml>
    <Xml Include="XmlFiles\snowLayerNearAnimation.xml">
      <Filter>XmlFiles</Filter>
    </Xml>
    <Xml Include="XmlFiles\subzeroanimation.xml">
      <Filter>XmlFiles</Filter>
    </Xml>
    <Xml Include="XmlFiles\templates.xml">
      <Filter>XmlFiles</Filter>
    </Xml>
    <Xml Include="XmlFiles\testAnimation.xml">
      <Filter>XmlFiles</Filter>
    </Xml>
    <Xml Include="XmlFiles\woodplatformlong.xml">
      <Filter>XmlFiles</Filter>
    </Xml>
    <Xml Include="XmlFiles\woodplatformshort.xml">
      <Filter>XmlFiles</Filter>
    </Xml>
    <Xml Include="XmlFiles\UI\fullscreen_fade.xml">
      <Filter>XmlFiles\UI</Filter>
    </Xml>
    <Xml Include="XmlFiles\UI\game_hud.xml">
      <Filter>XmlFiles\UI</Filter>
    </Xml>
    <Xml Include="XmlFiles\UI\gameloading.xml">
      <Filter>XmlFiles\UI</Filter>
    </Xml>
    <Xml Include="XmlFiles\UI\options.xml">
      <Filter>XmlFiles\UI</Filter>
    </Xml>
    <Xml Include="XmlFiles\UI\pause_menu.xml">
      <Filter>XmlFiles\UI</Filter>
    </Xml>
    <Xml Include="XmlFiles\UI\UI.xml">
      <Filter>XmlFiles\UI</Filter>
    </Xml>
    <Xml Include="XmlFiles\testingWrite.xml">
      <Filter>XmlFiles</Filter>
    </Xml>
    <Xml Include="XmlFiles\village1.xml">
      <Filter>XmlFiles</Filter>
    </Xml>
    <Xml Include="XmlFiles\ninjaAnimation2.xml">
      <Filter>XmlFiles</Filter>
    </Xml>
    <Xml Include="XmlFiles\ground_rain.xml">
      <Filter>XmlFiles</Filter>
    </Xml>
    <Xml Include="XmlFiles\ground_rain_2.xml">
      <Filter>XmlFiles</Filter>
    </Xml>
    <Xml Include="XmlFiles\rabbit_anim.xml">
      <Filter>XmlFiles</Filter>
    </Xml>
    <Xml Include="XmlFiles\player_female_animation2.xml">
      <Filter>XmlFiles</Filter>
    </Xml>
    <Xml Include="XmlFiles\level2.xml">
      <Filter>XmlFiles</Filter>
    </Xml>
  </ItemGroup>
  <ItemGroup>
    <CustomBuild Include="XmlFiles\UI\mainmenu.xml">
      <Filter>XmlFiles\UI</Filter>
    </CustomBuild>
  </ItemGroup>
  <ItemGroup>
    <None Include="ShaderFiles\Sepia.fx">
      <Filter>ShaderFiles</Filter>
    </None>
    <None Include="ShaderFiles\Particle.fx">
      <Filter>ShaderFiles</Filter>
    </None>
    <None Include="ShaderFiles\MonochromeRed.fx">
      <Filter>ShaderFiles</Filter>
    </None>
    <None Include="ShaderFiles\Monochrome.fx">
      <Filter>ShaderFiles</Filter>
    </None>
    <None Include="ShaderFiles\BloodParticle.fx">
      <Filter>ShaderFiles</Filter>
    </None>
    <None Include="ShaderFiles\BasicReflection.fx">
      <Filter>ShaderFiles</Filter>
    </None>
    <None Include="ShaderFiles\BasicLightTexture_VertexWobble.fx">
      <Filter>ShaderFiles</Filter>
    </None>
    <None Include="ShaderFiles\BasicLightTexture.fx">
      <Filter>ShaderFiles</Filter>
    </None>
    <None Include="ShaderFiles\Basic.fx">
      <Filter>ShaderFiles</Filter>
    </None>
    <None Include="ShaderFiles\LightTextureBump.fx">
      <Filter>ShaderFiles</Filter>
    </None>
    <None Include="ShaderFiles\Noise.fx">
      <Filter>ShaderFiles</Filter>
    </None>
    <None Include="ShaderFiles\BasicLightTexture_PixelWobble.fx">
      <Filter>ShaderFiles</Filter>
    </None>
  </ItemGroup>
</Project>